
Microsoft Visual Studio Solution File, Format Version 12.00
# Visual Studio 15
VisualStudioVersion = 15.0.27428.2037
MinimumVisualStudioVersion = 10.0.40219.1
Project("{FAE04EC0-301F-11D3-BF4B-00C04F79EFBC}") = "FileParser", "FileParser\FileParser.csproj", "{81C20DE3-4FFE-422F-B672-5D629A8F6C26}"
EndProject
Project("{FAE04EC0-301F-11D3-BF4B-00C04F79EFBC}") = "FileParser.UnitTests", "FileParser.UnitTests\FileParser.UnitTests.csproj", "{13A7DDE0-BF6B-4B8C-970D-031D65259988}"
EndProject
Global
	GlobalSection(SolutionConfigurationPlatforms) = preSolution
		Debug|Any CPU = Debug|Any CPU
		Release|Any CPU = Release|Any CPU
	EndGlobalSection
	GlobalSection(ProjectConfigurationPlatforms) = postSolution
		{81C20DE3-4FFE-422F-B672-5D629A8F6C26}.Debug|Any CPU.ActiveCfg = Debug|Any CPU
		{81C20DE3-4FFE-422F-B672-5D629A8F6C26}.Debug|Any CPU.Build.0 = Debug|Any CPU
		{81C20DE3-4FFE-422F-B672-5D629A8F6C26}.Release|Any CPU.ActiveCfg = Release|Any CPU
		{81C20DE3-4FFE-422F-B672-5D629A8F6C26}.Release|Any CPU.Build.0 = Release|Any CPU
		{13A7DDE0-BF6B-4B8C-970D-031D65259988}.Debug|Any CPU.ActiveCfg = Debug|Any CPU
		{13A7DDE0-BF6B-4B8C-970D-031D65259988}.Debug|Any CPU.Build.0 = Debug|Any CPU
		{13A7DDE0-BF6B-4B8C-970D-031D65259988}.Release|Any CPU.ActiveCfg = Release|Any CPU
		{13A7DDE0-BF6B-4B8C-970D-031D65259988}.Release|Any CPU.Build.0 = Release|Any CPU
	EndGlobalSection
	GlobalSection(SolutionProperties) = preSolution
		HideSolutionNode = FALSE
	EndGlobalSection
	GlobalSection(ExtensibilityGlobals) = postSolution
		SolutionGuid = {99AE23CD-3D24-4F9D-9B82-4A7FDF1B39C2}
	EndGlobalSection
EndGlobal
